{
    "version": 3,
    "terraform_version": "0.11.2",
    "serial": 8,
    "lineage": "31118805-6c9d-4f65-a8e1-8bf9dc339112",
    "modules": [
        {
            "path": [
                "root"
            ],
            "outputs": {},
            "resources": {
                "aws_eip.ip": {
                    "type": "aws_eip",
                    "depends_on": [
                        "aws_instance.example"
                    ],
                    "primary": {
                        "id": "eipalloc-28b57f15",
                        "attributes": {
                            "association_id": "eipassoc-0956b436",
                            "domain": "vpc",
                            "id": "eipalloc-28b57f15",
                            "instance": "i-016f49bd2f5a708dd",
                            "network_interface": "eni-c4ecdac6",
                            "private_ip": "172.31.9.12",
                            "public_ip": "54.241.64.228",
                            "vpc": "true"
                        },
                        "meta": {},
                        "tainted": false
                    },
                    "deposed": [],
                    "provider": "provider.aws"
                },
                "aws_instance.example": {
                    "type": "aws_instance",
                    "depends_on": [],
                    "primary": {
                        "id": "i-016f49bd2f5a708dd",
                        "attributes": {
                            "ami": "ami-08e2b968",
                            "associate_public_ip_address": "true",
                            "availability_zone": "us-west-1c",
                            "disable_api_termination": "false",
                            "ebs_block_device.#": "0",
                            "ebs_optimized": "false",
                            "ephemeral_block_device.#": "0",
                            "iam_instance_profile": "",
                            "id": "i-016f49bd2f5a708dd",
                            "instance_state": "running",
                            "instance_type": "t2.micro",
                            "ipv6_addresses.#": "0",
                            "key_name": "",
                            "monitoring": "false",
                            "network_interface.#": "0",
                            "network_interface_id": "eni-c4ecdac6",
                            "placement_group": "",
                            "primary_network_interface_id": "eni-c4ecdac6",
                            "private_dns": "ip-172-31-9-12.us-west-1.compute.internal",
                            "private_ip": "172.31.9.12",
                            "public_dns": "ec2-54-193-1-247.us-west-1.compute.amazonaws.com",
                            "public_ip": "54.193.1.247",
                            "root_block_device.#": "1",
                            "root_block_device.0.delete_on_termination": "true",
                            "root_block_device.0.iops": "100",
                            "root_block_device.0.volume_size": "8",
                            "root_block_device.0.volume_type": "gp2",
                            "security_groups.#": "1",
                            "security_groups.3814588639": "default",
                            "source_dest_check": "true",
                            "subnet_id": "subnet-91169cc9",
                            "tags.%": "0",
                            "tenancy": "default",
                            "volume_tags.%": "0",
                            "vpc_security_group_ids.#": "0"
                        },
                        "meta": {
                            "e2bfb730-ecaa-11e6-8f88-34363bc7c4c0": {
                                "create": 600000000000,
                                "delete": 600000000000,
                                "update": 600000000000
                            },
                            "schema_version": "1"
                        },
                        "tainted": false
                    },
                    "deposed": [],
                    "provider": "provider.aws"
                }
            },
            "depends_on": []
        }
    ]
}
